
Microsoft Visual Studio Solution File, Format Version 12.00
# Visual Studio 15
VisualStudioVersion = 15.0.26124.0
MinimumVisualStudioVersion = 15.0.26124.0
Project("{FAE04EC0-301F-11D3-BF4B-00C04F79EFBC}") = "utils", "utils\utils.csproj", "{266E760D-1451-4923-A8FF-1EBF7A04BFB7}"
EndProject
Project("{FAE04EC0-301F-11D3-BF4B-00C04F79EFBC}") = "utils.tests", "utils.tests\utils.tests.csproj", "{C3411677-4312-48D6-BCC2-2FDAA1FF9B88}"
EndProject
Project("{FAE04EC0-301F-11D3-BF4B-00C04F79EFBC}") = "utils.integrationtests", "utils.integrationtests\utils.integrationtests.csproj", "{B0AD6F3A-86B4-4457-A960-F6F70E72C696}"
EndProject
Global
	GlobalSection(SolutionConfigurationPlatforms) = preSolution
		Debug|Any CPU = Debug|Any CPU
		Debug|x64 = Debug|x64
		Debug|x86 = Debug|x86
		Release|Any CPU = Release|Any CPU
		Release|x64 = Release|x64
		Release|x86 = Release|x86
	EndGlobalSection
	GlobalSection(SolutionProperties) = preSolution
		HideSolutionNode = FALSE
	EndGlobalSection
	GlobalSection(ProjectConfigurationPlatforms) = postSolution
		{266E760D-1451-4923-A8FF-1EBF7A04BFB7}.Debug|Any CPU.ActiveCfg = Debug|Any CPU
		{266E760D-1451-4923-A8FF-1EBF7A04BFB7}.Debug|Any CPU.Build.0 = Debug|Any CPU
		{266E760D-1451-4923-A8FF-1EBF7A04BFB7}.Debug|x64.ActiveCfg = Debug|Any CPU
		{266E760D-1451-4923-A8FF-1EBF7A04BFB7}.Debug|x64.Build.0 = Debug|Any CPU
		{266E760D-1451-4923-A8FF-1EBF7A04BFB7}.Debug|x86.ActiveCfg = Debug|Any CPU
		{266E760D-1451-4923-A8FF-1EBF7A04BFB7}.Debug|x86.Build.0 = Debug|Any CPU
		{266E760D-1451-4923-A8FF-1EBF7A04BFB7}.Release|Any CPU.ActiveCfg = Release|Any CPU
		{266E760D-1451-4923-A8FF-1EBF7A04BFB7}.Release|Any CPU.Build.0 = Release|Any CPU
		{266E760D-1451-4923-A8FF-1EBF7A04BFB7}.Release|x64.ActiveCfg = Release|Any CPU
		{266E760D-1451-4923-A8FF-1EBF7A04BFB7}.Release|x64.Build.0 = Release|Any CPU
		{266E760D-1451-4923-A8FF-1EBF7A04BFB7}.Release|x86.ActiveCfg = Release|Any CPU
		{266E760D-1451-4923-A8FF-1EBF7A04BFB7}.Release|x86.Build.0 = Release|Any CPU
		{C3411677-4312-48D6-BCC2-2FDAA1FF9B88}.Debug|Any CPU.ActiveCfg = Debug|Any CPU
		{C3411677-4312-48D6-BCC2-2FDAA1FF9B88}.Debug|Any CPU.Build.0 = Debug|Any CPU
		{C3411677-4312-48D6-BCC2-2FDAA1FF9B88}.Debug|x64.ActiveCfg = Debug|Any CPU
		{C3411677-4312-48D6-BCC2-2FDAA1FF9B88}.Debug|x64.Build.0 = Debug|Any CPU
		{C3411677-4312-48D6-BCC2-2FDAA1FF9B88}.Debug|x86.ActiveCfg = Debug|Any CPU
		{C3411677-4312-48D6-BCC2-2FDAA1FF9B88}.Debug|x86.Build.0 = Debug|Any CPU
		{C3411677-4312-48D6-BCC2-2FDAA1FF9B88}.Release|Any CPU.ActiveCfg = Release|Any CPU
		{C3411677-4312-48D6-BCC2-2FDAA1FF9B88}.Release|Any CPU.Build.0 = Release|Any CPU
		{C3411677-4312-48D6-BCC2-2FDAA1FF9B88}.Release|x64.ActiveCfg = Release|Any CPU
		{C3411677-4312-48D6-BCC2-2FDAA1FF9B88}.Release|x64.Build.0 = Release|Any CPU
		{C3411677-4312-48D6-BCC2-2FDAA1FF9B88}.Release|x86.ActiveCfg = Release|Any CPU
		{C3411677-4312-48D6-BCC2-2FDAA1FF9B88}.Release|x86.Build.0 = Release|Any CPU
		{B0AD6F3A-86B4-4457-A960-F6F70E72C696}.Debug|Any CPU.ActiveCfg = Debug|Any CPU
		{B0AD6F3A-86B4-4457-A960-F6F70E72C696}.Debug|Any CPU.Build.0 = Debug|Any CPU
		{B0AD6F3A-86B4-4457-A960-F6F70E72C696}.Debug|x64.ActiveCfg = Debug|Any CPU
		{B0AD6F3A-86B4-4457-A960-F6F70E72C696}.Debug|x64.Build.0 = Debug|Any CPU
		{B0AD6F3A-86B4-4457-A960-F6F70E72C696}.Debug|x86.ActiveCfg = Debug|Any CPU
		{B0AD6F3A-86B4-4457-A960-F6F70E72C696}.Debug|x86.Build.0 = Debug|Any CPU
		{B0AD6F3A-86B4-4457-A960-F6F70E72C696}.Release|Any CPU.ActiveCfg = Release|Any CPU
		{B0AD6F3A-86B4-4457-A960-F6F70E72C696}.Release|Any CPU.Build.0 = Release|Any CPU
		{B0AD6F3A-86B4-4457-A960-F6F70E72C696}.Release|x64.ActiveCfg = Release|Any CPU
		{B0AD6F3A-86B4-4457-A960-F6F70E72C696}.Release|x64.Build.0 = Release|Any CPU
		{B0AD6F3A-86B4-4457-A960-F6F70E72C696}.Release|x86.ActiveCfg = Release|Any CPU
		{B0AD6F3A-86B4-4457-A960-F6F70E72C696}.Release|x86.Build.0 = Release|Any CPU
	EndGlobalSection
EndGlobal
