
Microsoft Visual Studio Solution File, Format Version 12.00
Project("{FAE04EC0-301F-11D3-BF4B-00C04F79EFBC}") = "TestingLikeNinjas", "UnitTests\TestingLikeNinjas.csproj", "{F467C021-9B25-44A3-AD53-AAA9CBE78E44}"
EndProject
Project("{FAE04EC0-301F-11D3-BF4B-00C04F79EFBC}") = "MagicDarkLibraries", "MagicDarkLibraries\MagicDarkLibraries.csproj", "{9F24DF49-285D-4334-AFD1-30B8A04928EB}"
EndProject
Global
	GlobalSection(SolutionConfigurationPlatforms) = preSolution
		Debug|Any CPU = Debug|Any CPU
		Release|Any CPU = Release|Any CPU
	EndGlobalSection
	GlobalSection(ProjectConfigurationPlatforms) = postSolution
		{F467C021-9B25-44A3-AD53-AAA9CBE78E44}.Debug|Any CPU.ActiveCfg = Debug|Any CPU
		{F467C021-9B25-44A3-AD53-AAA9CBE78E44}.Debug|Any CPU.Build.0 = Debug|Any CPU
		{F467C021-9B25-44A3-AD53-AAA9CBE78E44}.Release|Any CPU.ActiveCfg = Release|Any CPU
		{F467C021-9B25-44A3-AD53-AAA9CBE78E44}.Release|Any CPU.Build.0 = Release|Any CPU
		{9F24DF49-285D-4334-AFD1-30B8A04928EB}.Debug|Any CPU.ActiveCfg = Debug|Any CPU
		{9F24DF49-285D-4334-AFD1-30B8A04928EB}.Debug|Any CPU.Build.0 = Debug|Any CPU
		{9F24DF49-285D-4334-AFD1-30B8A04928EB}.Release|Any CPU.ActiveCfg = Release|Any CPU
		{9F24DF49-285D-4334-AFD1-30B8A04928EB}.Release|Any CPU.Build.0 = Release|Any CPU
		{D616F437-9AA2-42D4-8260-4C9A714CAA4A}.Debug|Any CPU.ActiveCfg = Debug|Any CPU
		{D616F437-9AA2-42D4-8260-4C9A714CAA4A}.Debug|Any CPU.Build.0 = Debug|Any CPU
		{D616F437-9AA2-42D4-8260-4C9A714CAA4A}.Release|Any CPU.ActiveCfg = Release|Any CPU
		{D616F437-9AA2-42D4-8260-4C9A714CAA4A}.Release|Any CPU.Build.0 = Release|Any CPU
	EndGlobalSection
EndGlobal
